
Microsoft Visual Studio Solution File, Format Version 12.00
# Visual Studio Version 17
VisualStudioVersion = 17.2.32526.322
MinimumVisualStudioVersion = 10.0.40219.1
Project("{FAE04EC0-301F-11D3-BF4B-00C04F79EFBC}") = "Lotto_Just_ONE", "Lotto_Just_ONE\Lotto_Just_ONE.csproj", "{981DB8B9-20BE-469D-AA80-1FAFD74CBD54}"
EndProject
Global
	GlobalSection(SolutionConfigurationPlatforms) = preSolution
		Debug|Any CPU = Debug|Any CPU
		Release|Any CPU = Release|Any CPU
	EndGlobalSection
	GlobalSection(ProjectConfigurationPlatforms) = postSolution
		{981DB8B9-20BE-469D-AA80-1FAFD74CBD54}.Debug|Any CPU.ActiveCfg = Debug|Any CPU
		{981DB8B9-20BE-469D-AA80-1FAFD74CBD54}.Debug|Any CPU.Build.0 = Debug|Any CPU
		{981DB8B9-20BE-469D-AA80-1FAFD74CBD54}.Release|Any CPU.ActiveCfg = Release|Any CPU
		{981DB8B9-20BE-469D-AA80-1FAFD74CBD54}.Release|Any CPU.Build.0 = Release|Any CPU
	EndGlobalSection
	GlobalSection(SolutionProperties) = preSolution
		HideSolutionNode = FALSE
	EndGlobalSection
	GlobalSection(ExtensibilityGlobals) = postSolution
		SolutionGuid = {5D28C313-C1CC-4FA6-8ED2-8C22C2A5C5C2}
	EndGlobalSection
EndGlobal
