
Microsoft Visual Studio Solution File, Format Version 12.00
# Visual Studio Version 17
VisualStudioVersion = 17.2.32526.322
MinimumVisualStudioVersion = 10.0.40219.1
Project("{FAE04EC0-301F-11D3-BF4B-00C04F79EFBC}") = "Forms1", "Forms1\Forms1.csproj", "{84D3979E-0BD7-4568-8334-12637E8F201F}"
EndProject
Global
	GlobalSection(SolutionConfigurationPlatforms) = preSolution
		Debug|Any CPU = Debug|Any CPU
		Release|Any CPU = Release|Any CPU
	EndGlobalSection
	GlobalSection(ProjectConfigurationPlatforms) = postSolution
		{84D3979E-0BD7-4568-8334-12637E8F201F}.Debug|Any CPU.ActiveCfg = Debug|Any CPU
		{84D3979E-0BD7-4568-8334-12637E8F201F}.Debug|Any CPU.Build.0 = Debug|Any CPU
		{84D3979E-0BD7-4568-8334-12637E8F201F}.Release|Any CPU.ActiveCfg = Release|Any CPU
		{84D3979E-0BD7-4568-8334-12637E8F201F}.Release|Any CPU.Build.0 = Release|Any CPU
	EndGlobalSection
	GlobalSection(SolutionProperties) = preSolution
		HideSolutionNode = FALSE
	EndGlobalSection
	GlobalSection(ExtensibilityGlobals) = postSolution
		SolutionGuid = {2D140CBD-9737-4542-8F4C-4D1C823AD4A6}
	EndGlobalSection
EndGlobal
